PODS:
  - InputBarAccessoryView (4.3.1):
    - InputBarAccessoryView/Core (= 4.3.1)
  - InputBarAccessoryView/Core (4.3.1)
  - MessageKit (3.1.0):
    - InputBarAccessoryView (~> 4.3.0)

DEPENDENCIES:
  - MessageKit (from `../`)

SPEC REPOS:
  https://github.com/cocoapods/specs.git:
    - InputBarAccessoryView

EXTERNAL SOURCES:
  MessageKit:
    :path: "../"

SPEC CHECKSUMS:
  InputBarAccessoryView: 58a348be7ea2736c7eec60e5c315511c2dbb39fd
  MessageKit: df1fc0ce956b8461cf447daafc46e4c40e7f8bc7

PODFILE CHECKSUM: cecdb7bc8129cf99f66de9f68eea3256fec30c3d

COCOAPODS: 1.5.3
